{
  "name": "tako-wolf.github.io",
  "lockfileVersion": 3,
  "requires": true,
  "packages": {
    "": {
      "dependencies": {
        "@clockworksproduction-studio/cwp-open-terminal-emulator": "^4.0.0"
      }
    },
    "node_modules/@clockworksproduction-studio/cwp-open-terminal-emulator": {
      "version": "4.0.0",
      "resolved": "https://registry.npmjs.org/@clockworksproduction-studio/cwp-open-terminal-emulator/-/cwp-open-terminal-emulator-4.0.0.tgz",
      "integrity": "sha512-2ELT/c7111nGIrIUZI41MdE1PWEGwWVa1fXyzKhBSS4Tw45uwevUTs6pO9PwNTQXWEeBEyX6+/RxAkq2rjKu6w==",
      "license": "GPL-3.0-or-later"
    }
  }
}
